// !$*UTF8*$!
{
	archiveVersion = 1;
	classes = {
	};
	objectVersion = 50;
	objects = {

/* Begin PBXBuildFile section */
		6547AC102603CC4B008056EE /* AppDelegate.swift in Sources */ = {isa = PBXBuildFile; fileRef = 6547AC0F2603CC4B008056EE /* AppDelegate.swift */; };
		6547AC122603CC4B008056EE /* SceneDelegate.swift in Sources */ = {isa = PBXBuildFile; fileRef = 6547AC112603CC4B008056EE /* SceneDelegate.swift */; };
		6547AC142603CC4B008056EE /* ViewController.swift in Sources */ = {isa = PBXBuildFile; fileRef = 6547AC132603CC4B008056EE /* ViewController.swift */; };
		6547AC172603CC4B008056EE /* Main.storyboard in Resources */ = {isa = PBXBuildFile; fileRef = 6547AC152603CC4B008056EE /* Main.storyboard */; };
		6547AC1A2603CC4B008056EE /* EventKit_demo.xcdatamodeld in Sources */ = {isa = PBXBuildFile; fileRef = 6547AC182603CC4B008056EE /* EventKit_demo.xcdatamodeld */; };
		6547AC1C2603CC4F008056EE /* Assets.xcassets in Resources */ = {isa = PBXBuildFile; fileRef = 6547AC1B2603CC4F008056EE /* Assets.xcassets */; };
		6547AC1F2603CC4F008056EE /* LaunchScreen.storyboard in Resources */ = {isa = PBXBuildFile; fileRef = 6547AC1D2603CC4F008056EE /* LaunchScreen.storyboard */; };
/* End PBXBuildFile section */

/* Begin PBXFileReference section */
		6547AC0C2603CC4B008056EE /* EventKit demo.app */ = {isa = PBXFileReference; explicitFileType = wrapper.application; includeInIndex = 0; path = "EventKit demo.app"; sourceTree = BUILT_PRODUCTS_DIR; };
		6547AC0F2603CC4B008056EE /* AppDelegate.swift */ = {isa = PBXFileReference; lastKnownFileType = sourcecode.swift; path = AppDelegate.swift; sourceTree = "<group>"; };
		6547AC112603CC4B008056EE /* SceneDelegate.swift */ = {isa = PBXFileReference; lastKnownFileType = sourcecode.swift; path = SceneDelegate.swift; sourceTree = "<group>"; };
		6547AC132603CC4B008056EE /* ViewController.swift */ = {isa = PBXFileReference; lastKnownFileType = sourcecode.swift; path = ViewController.swift; sourceTree = "<group>"; };
		6547AC162603CC4B008056EE /* Base */ = {isa = PBXFileReference; lastKnownFileType = file.storyboard; name = Base; path = Base.lproj/Main.storyboard; sourceTree = "<group>"; };
		6547AC192603CC4B008056EE /* EventKit_demo.xcdatamodel */ = {isa = PBXFileReference; lastKnownFileType = wrapper.xcdatamodel; path = EventKit_demo.xcdatamodel; sourceTree = "<group>"; };
		6547AC1B2603CC4F008056EE /* Assets.xcassets */ = {isa = PBXFileReference; lastKnownFileType = folder.assetcatalog; path = Assets.xcassets; sourceTree = "<group>"; };
		6547AC1E2603CC4F008056EE /* Base */ = {isa = PBXFileReference; lastKnownFileType = file.storyboard; name = Base; path = Base.lproj/LaunchScreen.storyboard; sourceTree = "<group>"; };
		6547AC202603CC4F008056EE /* Info.plist */ = {isa = PBXFileReference; lastKnownFileType = text.plist.xml; path = Info.plist; sourceTree = "<group>"; };
/* End PBXFileReference section */

/* Begin PBXFrameworksBuildPhase section */
		6547AC092603CC4B008056EE /* Frameworks */ = {
			isa = PBXFrameworksBuildPhase;
			buildActionMask = 2147483647;
			files = (
			);
			runOnlyForDeploymentPostprocessing = 0;
		};
/* End PBXFrameworksBuildPhase section */

/* Begin PBXGroup section */
		6547AC032603CC4B008056EE = {
			isa = PBXGroup;
			children = (
				6547AC0E2603CC4B008056EE /* EventKit demo */,
				6547AC0D2603CC4B008056EE /* Products */,
			);
			sourceTree = "<group>";
		};
		6547AC0D2603CC4B008056EE /* Products */ = {
			isa = PBXGroup;
			children = (
				6547AC0C2603CC4B008056EE /* EventKit demo.app */,
			);
			name = Products;
			sourceTree = "<group>";
		};
		6547AC0E2603CC4B008056EE /* EventKit demo */ = {
			isa = PBXGroup;
			children = (
				6547AC0F2603CC4B008056EE /* AppDelegate.swift */,
				6547AC112603CC4B008056EE /* SceneDelegate.swift */,
				6547AC132603CC4B008056EE /* ViewController.swift */,
				6547AC152603CC4B008056EE /* Main.storyboard */,
				6547AC1B2603CC4F008056EE /* Assets.xcassets */,
				6547AC1D2603CC4F008056EE /* LaunchScreen.storyboard */,
				6547AC202603CC4F008056EE /* Info.plist */,
				6547AC182603CC4B008056EE /* EventKit_demo.xcdatamodeld */,
			);
			path = "EventKit demo";
			sourceTree = "<group>";
		};
/* End PBXGroup section */

/* Begin PBXNativeTarget section */
		6547AC0B2603CC4B008056EE /* EventKit demo */ = {
			isa = PBXNativeTarget;
			buildConfigurationList = 6547AC232603CC4F008056EE /* Build configuration list for PBXNativeTarget "EventKit demo" */;
			buildPhases = (
				6547AC082603CC4B008056EE /* Sources */,
				6547AC092603CC4B008056EE /* Frameworks */,
				6547AC0A2603CC4B008056EE /* Resources */,
			);
			buildRules = (
			);
			dependencies = (
			);
			name = "EventKit demo";
			productName = "EventKit demo";
			productReference = 6547AC0C2603CC4B008056EE /* EventKit demo.app */;
			productType = "com.apple.product-type.application";
		};
/* End PBXNativeTarget section */

/* Begin PBXProject section */
		6547AC042603CC4B008056EE /* Project object */ = {
			isa = PBXProject;
			attributes = {
				LastSwiftUpdateCheck = 1240;
				LastUpgradeCheck = 1240;
				TargetAttributes = {
					6547AC0B2603CC4B008056EE = {
						CreatedOnToolsVersion = 12.4;
					};
				};
			};
			buildConfigurationList = 6547AC072603CC4B008056EE /* Build configuration list for PBXProject "EventKit demo" */;
			compatibilityVersion = "Xcode 9.3";
			developmentRegion = en;
			hasScannedForEncodings = 0;
			knownRegions = (
				en,
				Base,
			);
			mainGroup = 6547AC032603CC4B008056EE;
			productRefGroup = 6547AC0D2603CC4B008056EE /* Products */;
			projectDirPath = "";
			projectRoot = "";
			targets = (
				6547AC0B2603CC4B008056EE /* EventKit demo */,
			);
		};
/* End PBXProject section */

/* Begin PBXResourcesBuildPhase section */
		6547AC0A2603CC4B008056EE /* Resources */ = {
			isa = PBXResourcesBuildPhase;
			buildActionMask = 2147483647;
			files = (
				6547AC1F2603CC4F008056EE /* LaunchScreen.storyboard in Resources */,
				6547AC1C2603CC4F008056EE /* Assets.xcassets in Resources */,
				6547AC172603CC4B008056EE /* Main.storyboard in Resources */,
			);
			runOnlyForDeploymentPostprocessing = 0;
		};
/* End PBXResourcesBuildPhase section */

/* Begin PBXSourcesBuildPhase section */
		6547AC082603CC4B008056EE /* Sources */ = {
			isa = PBXSourcesBuildPhase;
			buildActionMask = 2147483647;
			files = (
				6547AC1A2603CC4B008056EE /* EventKit_demo.xcdatamodeld in Sources */,
				6547AC142603CC4B008056EE /* ViewController.swift in Sources */,
				6547AC102603CC4B008056EE /* AppDelegate.swift in Sources */,
				6547AC122603CC4B008056EE /* SceneDelegate.swift in Sources */,
			);
			runOnlyForDeploymentPostprocessing = 0;
		};
/* End PBXSourcesBuildPhase section */

/* Begin PBXVariantGroup section */
		6547AC152603CC4B008056EE /* Main.storyboard */ = {
			isa = PBXVariantGroup;
			children = (
				6547AC162603CC4B008056EE /* Base */,
			);
			name = Main.storyboard;
			sourceTree = "<group>";
		};
		6547AC1D2603CC4F008056EE /* LaunchScreen.storyboard */ = {
			isa = PBXVariantGroup;
			children = (
				6547AC1E2603CC4F008056EE /* Base */,
			);
			name = LaunchScreen.storyboard;
			sourceTree = "<group>";
		};
/* End PBXVariantGroup section */

/* Begin XCBuildConfiguration section */
		6547AC212603CC4F008056EE /* Debug */ = {
			isa = XCBuildConfiguration;
			buildSettings = {
				ALWAYS_SEARCH_USER_PATHS = NO;
				CLANG_ANALYZER_NONNULL = YES;
				CLANG_ANALYZER_NUMBER_OBJECT_CONVERSION = YES_AGGRESSIVE;
				CLANG_CXX_LANGUAGE_STANDARD = "gnu++14";
				CLANG_CXX_LIBRARY = "libc++";
				CLANG_ENABLE_MODULES = YES;
				CLANG_ENABLE_OBJC_ARC = YES;
				CLANG_ENABLE_OBJC_WEAK = YES;
				CLANG_WARN_BLOCK_CAPTURE_AUTORELEASING = YES;
				CLANG_WARN_BOOL_CONVERSION = YES;
				CLANG_WARN_COMMA = YES;
				CLANG_WARN_CONSTANT_CONVERSION = YES;
				CLANG_WARN_DEPRECATED_OBJC_IMPLEMENTATIONS = YES;
				CLANG_WARN_DIRECT_OBJC_ISA_USAGE = YES_ERROR;
				CLANG_WARN_DOCUMENTATION_COMMENTS = YES;
				CLANG_WARN_EMPTY_BODY = YES;
				CLANG_WARN_ENUM_CONVERSION = YES;
				CLANG_WARN_INFINITE_RECURSION = YES;
				CLANG_WARN_INT_CONVERSION = YES;
				CLANG_WARN_NON_LITERAL_NULL_CONVERSION = YES;
				CLANG_WARN_OBJC_IMPLICIT_RETAIN_SELF = YES;
				CLANG_WARN_OBJC_LITERAL_CONVERSION = YES;
				CLANG_WARN_OBJC_ROOT_CLASS = YES_ERROR;
				CLANG_WARN_QUOTED_INCLUDE_IN_FRAMEWORK_HEADER = YES;
				CLANG_WARN_RANGE_LOOP_ANALYSIS = YES;
				CLANG_WARN_STRICT_PROTOTYPES = YES;
				CLANG_WARN_SUSPICIOUS_MOVE = YES;
				CLANG_WARN_UNGUARDED_AVAILABILITY = YES_AGGRESSIVE;
				CLANG_WARN_UNREACHABLE_CODE = YES;
				CLANG_WARN__DUPLICATE_METHOD_MATCH = YES;
				COPY_PHASE_STRIP = NO;
				DEBUG_INFORMATION_FORMAT = dwarf;
				ENABLE_STRICT_OBJC_MSGSEND = YES;
				ENABLE_TESTABILITY = YES;
				GCC_C_LANGUAGE_STANDARD = gnu11;
				GCC_DYNAMIC_NO_PIC = NO;
				GCC_NO_COMMON_BLOCKS = YES;
				GCC_OPTIMIZATION_LEVEL = 0;
				GCC_PREPROCESSOR_DEFINITIONS = (
					"DEBUG=1",
					"$(inherited)",
				);
				GCC_WARN_64_TO_32_BIT_CONVERSION = YES;
				GCC_WARN_ABOUT_RETURN_TYPE = YES_ERROR;
				GCC_WARN_UNDECLARED_SELECTOR = YES;
				GCC_WARN_UNINITIALIZED_AUTOS = YES_AGGRESSIVE;
				GCC_WARN_UNUSED_FUNCTION = YES;
				GCC_WARN_UNUSED_VARIABLE = YES;
				IPHONEOS_DEPLOYMENT_TARGET = 14.4;
				MTL_ENABLE_DEBUG_INFO = INCLUDE_SOURCE;
				MTL_FAST_MATH = YES;
				ONLY_ACTIVE_ARCH = YES;
				SDKROOT = iphoneos;
				SWIFT_ACTIVE_COMPILATION_CONDITIONS = DEBUG;
				SWIFT_OPTIMIZATION_LEVEL = "-Onone";
			};
			name = Debug;
		};
		6547AC222603CC4F008056EE /* Release */ = {
			isa = XCBuildConfiguration;
			buildSettings = {
				ALWAYS_SEARCH_USER_PATHS = NO;
				CLANG_ANALYZER_NONNULL = YES;
				CLANG_ANALYZER_NUMBER_OBJECT_CONVERSION = YES_AGGRESSIVE;
				CLANG_CXX_LANGUAGE_STANDARD = "gnu++14";
				CLANG_CXX_LIBRARY = "libc++";
				CLANG_ENABLE_MODULES = YES;
				CLANG_ENABLE_OBJC_ARC = YES;
				CLANG_ENABLE_OBJC_WEAK = YES;
				CLANG_WARN_BLOCK_CAPTURE_AUTORELEASING = YES;
				CLANG_WARN_BOOL_CONVERSION = YES;
				CLANG_WARN_COMMA = YES;
				CLANG_WARN_CONSTANT_CONVERSION = YES;
				CLANG_WARN_DEPRECATED_OBJC_IMPLEMENTATIONS = YES;
				CLANG_WARN_DIRECT_OBJC_ISA_USAGE = YES_ERROR;
				CLANG_WARN_DOCUMENTATION_COMMENTS = YES;
				CLANG_WARN_EMPTY_BODY = YES;
				CLANG_WARN_ENUM_CONVERSION = YES;
				CLANG_WARN_INFINITE_RECURSION = YES;
				CLANG_WARN_INT_CONVERSION = YES;
				CLANG_WARN_NON_LITERAL_NULL_CONVERSION = YES;
				CLANG_WARN_OBJC_IMPLICIT_RETAIN_SELF = YES;
				CLANG_WARN_OBJC_LITERAL_CONVERSION = YES;
				CLANG_WARN_OBJC_ROOT_CLASS = YES_ERROR;
				CLANG_WARN_QUOTED_INCLUDE_IN_FRAMEWORK_HEADER = YES;
				CLANG_WARN_RANGE_LOOP_ANALYSIS = YES;
				CLANG_WARN_STRICT_PROTOTYPES = YES;
				CLANG_WARN_SUSPICIOUS_MOVE = YES;
				CLANG_WARN_UNGUARDED_AVAILABILITY = YES_AGGRESSIVE;
				CLANG_WARN_UNREACHABLE_CODE = YES;
				CLANG_WARN__DUPLICATE_METHOD_MATCH = YES;
				COPY_PHASE_STRIP = NO;
				DEBUG_INFORMATION_FORMAT = "dwarf-with-dsym";
				ENABLE_NS_ASSERTIONS = NO;
				ENABLE_STRICT_OBJC_MSGSEND = YES;
				GCC_C_LANGUAGE_STANDARD = gnu11;
				GCC_NO_COMMON_BLOCKS = YES;
				GCC_WARN_64_TO_32_BIT_CONVERSION = YES;
				GCC_WARN_ABOUT_RETURN_TYPE = YES_ERROR;
				GCC_WARN_UNDECLARED_SELECTOR = YES;
				GCC_WARN_UNINITIALIZED_AUTOS = YES_AGGRESSIVE;
				GCC_WARN_UNUSED_FUNCTION = YES;
				GCC_WARN_UNUSED_VARIABLE = YES;
				IPHONEOS_DEPLOYMENT_TARGET = 14.4;
				MTL_ENABLE_DEBUG_INFO = NO;
				MTL_FAST_MATH = YES;
				SDKROOT = iphoneos;
				SWIFT_COMPILATION_MODE = wholemodule;
				SWIFT_OPTIMIZATION_LEVEL = "-O";
				VALIDATE_PRODUCT = YES;
			};
			name = Release;
		};
		6547AC242603CC4F008056EE /* Debug */ = {
			isa = XCBuildConfiguration;
			buildSettings = {
				ASSETCATALOG_COMPILER_APPICON_NAME = AppIcon;
				ASSETCATALOG_COMPILER_GLOBAL_ACCENT_COLOR_NAME = AccentColor;
				CODE_SIGN_STYLE = Automatic;
				DEVELOPMENT_TEAM = 7E8WYBG3MZ;
				INFOPLIST_FILE = "EventKit demo/Info.plist";
				LD_RUNPATH_SEARCH_PATHS = (
					"$(inherited)",
					"@executable_path/Frameworks",
				);
				PRODUCT_BUNDLE_IDENTIFIER = "com.simonhanwilson.EventKit-demo";
				PRODUCT_NAME = "$(TARGET_NAME)";
				SWIFT_VERSION = 5.0;
				TARGETED_DEVICE_FAMILY = "1,2";
			};
			name = Debug;
		};
		6547AC252603CC4F008056EE /* Release */ = {
			isa = XCBuildConfiguration;
			buildSettings = {
				ASSETCATALOG_COMPILER_APPICON_NAME = AppIcon;
				ASSETCATALOG_COMPILER_GLOBAL_ACCENT_COLOR_NAME = AccentColor;
				CODE_SIGN_STYLE = Automatic;
				DEVELOPMENT_TEAM = 7E8WYBG3MZ;
				INFOPLIST_FILE = "EventKit demo/Info.plist";
				LD_RUNPATH_SEARCH_PATHS = (
					"$(inherited)",
					"@executable_path/Frameworks",
				);
				PRODUCT_BUNDLE_IDENTIFIER = "com.simonhanwilson.EventKit-demo";
				PRODUCT_NAME = "$(TARGET_NAME)";
				SWIFT_VERSION = 5.0;
				TARGETED_DEVICE_FAMILY = "1,2";
			};
			name = Release;
		};
/* End XCBuildConfiguration section */

/* Begin XCConfigurationList section */
		6547AC072603CC4B008056EE /* Build configuration list for PBXProject "EventKit demo" */ = {
			isa = XCConfigurationList;
			buildConfigurations = (
				6547AC212603CC4F008056EE /* Debug */,
				6547AC222603CC4F008056EE /* Release */,
			);
			defaultConfigurationIsVisible = 0;
			defaultConfigurationName = Release;
		};
		6547AC232603CC4F008056EE /* Build configuration list for PBXNativeTarget "EventKit demo" */ = {
			isa = XCConfigurationList;
			buildConfigurations = (
				6547AC242603CC4F008056EE /* Debug */,
				6547AC252603CC4F008056EE /* Release */,
			);
			defaultConfigurationIsVisible = 0;
			defaultConfigurationName = Release;
		};
/* End XCConfigurationList section */

/* Begin XCVersionGroup section */
		6547AC182603CC4B008056EE /* EventKit_demo.xcdatamodeld */ = {
			isa = XCVersionGroup;
			children = (
				6547AC192603CC4B008056EE /* EventKit_demo.xcdatamodel */,
			);
			currentVersion = 6547AC192603CC4B008056EE /* EventKit_demo.xcdatamodel */;
			path = EventKit_demo.xcdatamodeld;
			sourceTree = "<group>";
			versionGroupType = wrapper.xcdatamodel;
		};
/* End XCVersionGroup section */
	};
	rootObject = 6547AC042603CC4B008056EE /* Project object */;
}
